
Microsoft Visual Studio Solution File, Format Version 12.00
# Visual Studio Version 16
VisualStudioVersion = 16.0.31729.503
MinimumVisualStudioVersion = 10.0.40219.1
Project("{FAE04EC0-301F-11D3-BF4B-00C04F79EFBC}") = "Assigment2Calculator", "Assigment2Calculator\Assigment2Calculator.csproj", "{2DCA0E49-6BF6-4F14-8A4E-6CAF49092D28}"
EndProject
Global
	GlobalSection(SolutionConfigurationPlatforms) = preSolution
		Debug|Any CPU = Debug|Any CPU
		Release|Any CPU = Release|Any CPU
	EndGlobalSection
	GlobalSection(ProjectConfigurationPlatforms) = postSolution
		{2DCA0E49-6BF6-4F14-8A4E-6CAF49092D28}.Debug|Any CPU.ActiveCfg = Debug|Any CPU
		{2DCA0E49-6BF6-4F14-8A4E-6CAF49092D28}.Debug|Any CPU.Build.0 = Debug|Any CPU
		{2DCA0E49-6BF6-4F14-8A4E-6CAF49092D28}.Release|Any CPU.ActiveCfg = Release|Any CPU
		{2DCA0E49-6BF6-4F14-8A4E-6CAF49092D28}.Release|Any CPU.Build.0 = Release|Any CPU
	EndGlobalSection
	GlobalSection(SolutionProperties) = preSolution
		HideSolutionNode = FALSE
	EndGlobalSection
	GlobalSection(ExtensibilityGlobals) = postSolution
		SolutionGuid = {3C8285AE-915E-4D45-B803-78E859076E95}
	EndGlobalSection
EndGlobal
